
Microsoft Visual Studio Solution File, Format Version 12.00
# Visual Studio Version 17
VisualStudioVersion = 17.8.34322.80
MinimumVisualStudioVersion = 10.0.40219.1
Project("{9A19103F-16F7-4668-BE54-9A1E7A4F7556}") = "ToDoDiligent", "ToDoDiligent\ToDoDiligent.csproj", "{95F5DC97-846B-4B12-9304-F32EC64AF69A}"
EndProject
Project("{9A19103F-16F7-4668-BE54-9A1E7A4F7556}") = "Persistance", "Persistance\Persistance.csproj", "{728329D2-B8E5-4824-8116-0D159EC6AECC}"
EndProject
Project("{9A19103F-16F7-4668-BE54-9A1E7A4F7556}") = "Infrastracture", "Infrastracture\Infrastracture.csproj", "{AF18F5DA-9B00-47E1-81F8-1F08DA835C24}"
EndProject
Project("{9A19103F-16F7-4668-BE54-9A1E7A4F7556}") = "Domains", "Domains\Domains.csproj", "{57512CEA-A7FD-4C0F-851C-8D7C36A05300}"
EndProject
Project("{9A19103F-16F7-4668-BE54-9A1E7A4F7556}") = "Application", "Application\Application.csproj", "{BA39CD3A-F098-45BC-AEDA-A52D3ACF7868}"
EndProject
Project("{9A19103F-16F7-4668-BE54-9A1E7A4F7556}") = "Tests", "Tests\Tests.csproj", "{C2B3F60F-887D-4280-AD66-5B3DD2799BF0}"
EndProject
Project("{E53339B2-1760-4266-BCC7-CA923CBCF16C}") = "docker-compose", "docker-compose.dcproj", "{6D9EE8B3-C805-4C39-AE02-3B8F6D17C6BD}"
EndProject
Global
	GlobalSection(SolutionConfigurationPlatforms) = preSolution
		Debug|Any CPU = Debug|Any CPU
		Release|Any CPU = Release|Any CPU
	EndGlobalSection
	GlobalSection(ProjectConfigurationPlatforms) = postSolution
		{95F5DC97-846B-4B12-9304-F32EC64AF69A}.Debug|Any CPU.ActiveCfg = Debug|Any CPU
		{95F5DC97-846B-4B12-9304-F32EC64AF69A}.Debug|Any CPU.Build.0 = Debug|Any CPU
		{95F5DC97-846B-4B12-9304-F32EC64AF69A}.Release|Any CPU.ActiveCfg = Release|Any CPU
		{95F5DC97-846B-4B12-9304-F32EC64AF69A}.Release|Any CPU.Build.0 = Release|Any CPU
		{728329D2-B8E5-4824-8116-0D159EC6AECC}.Debug|Any CPU.ActiveCfg = Debug|Any CPU
		{728329D2-B8E5-4824-8116-0D159EC6AECC}.Debug|Any CPU.Build.0 = Debug|Any CPU
		{728329D2-B8E5-4824-8116-0D159EC6AECC}.Release|Any CPU.ActiveCfg = Release|Any CPU
		{728329D2-B8E5-4824-8116-0D159EC6AECC}.Release|Any CPU.Build.0 = Release|Any CPU
		{AF18F5DA-9B00-47E1-81F8-1F08DA835C24}.Debug|Any CPU.ActiveCfg = Debug|Any CPU
		{AF18F5DA-9B00-47E1-81F8-1F08DA835C24}.Debug|Any CPU.Build.0 = Debug|Any CPU
		{AF18F5DA-9B00-47E1-81F8-1F08DA835C24}.Release|Any CPU.ActiveCfg = Release|Any CPU
		{AF18F5DA-9B00-47E1-81F8-1F08DA835C24}.Release|Any CPU.Build.0 = Release|Any CPU
		{57512CEA-A7FD-4C0F-851C-8D7C36A05300}.Debug|Any CPU.ActiveCfg = Debug|Any CPU
		{57512CEA-A7FD-4C0F-851C-8D7C36A05300}.Debug|Any CPU.Build.0 = Debug|Any CPU
		{57512CEA-A7FD-4C0F-851C-8D7C36A05300}.Release|Any CPU.ActiveCfg = Release|Any CPU
		{57512CEA-A7FD-4C0F-851C-8D7C36A05300}.Release|Any CPU.Build.0 = Release|Any CPU
		{BA39CD3A-F098-45BC-AEDA-A52D3ACF7868}.Debug|Any CPU.ActiveCfg = Debug|Any CPU
		{BA39CD3A-F098-45BC-AEDA-A52D3ACF7868}.Debug|Any CPU.Build.0 = Debug|Any CPU
		{BA39CD3A-F098-45BC-AEDA-A52D3ACF7868}.Release|Any CPU.ActiveCfg = Release|Any CPU
		{BA39CD3A-F098-45BC-AEDA-A52D3ACF7868}.Release|Any CPU.Build.0 = Release|Any CPU
		{C2B3F60F-887D-4280-AD66-5B3DD2799BF0}.Debug|Any CPU.ActiveCfg = Debug|Any CPU
		{C2B3F60F-887D-4280-AD66-5B3DD2799BF0}.Debug|Any CPU.Build.0 = Debug|Any CPU
		{C2B3F60F-887D-4280-AD66-5B3DD2799BF0}.Release|Any CPU.ActiveCfg = Release|Any CPU
		{C2B3F60F-887D-4280-AD66-5B3DD2799BF0}.Release|Any CPU.Build.0 = Release|Any CPU
		{6D9EE8B3-C805-4C39-AE02-3B8F6D17C6BD}.Debug|Any CPU.ActiveCfg = Debug|Any CPU
		{6D9EE8B3-C805-4C39-AE02-3B8F6D17C6BD}.Debug|Any CPU.Build.0 = Debug|Any CPU
		{6D9EE8B3-C805-4C39-AE02-3B8F6D17C6BD}.Release|Any CPU.ActiveCfg = Release|Any CPU
		{6D9EE8B3-C805-4C39-AE02-3B8F6D17C6BD}.Release|Any CPU.Build.0 = Release|Any CPU
	EndGlobalSection
	GlobalSection(SolutionProperties) = preSolution
		HideSolutionNode = FALSE
	EndGlobalSection
	GlobalSection(ExtensibilityGlobals) = postSolution
		SolutionGuid = {CFB8E925-C9E4-4581-9AF9-3EE71D3AE43D}
	EndGlobalSection
EndGlobal
